
Microsoft Visual Studio Solution File, Format Version 12.00
# Visual Studio 15
VisualStudioVersion = 15.0.28010.2036
MinimumVisualStudioVersion = 10.0.40219.1
Project("{FAE04EC0-301F-11D3-BF4B-00C04F79EFBC}") = "DatingApp.API", "DatingApp.API\DatingApp.API.csproj", "{530D3EF2-CC1A-478D-99AA-38321B882372}"
EndProject
Global
	GlobalSection(SolutionConfigurationPlatforms) = preSolution
		Debug|Any CPU = Debug|Any CPU
		Release|Any CPU = Release|Any CPU
	EndGlobalSection
	GlobalSection(ProjectConfigurationPlatforms) = postSolution
		{530D3EF2-CC1A-478D-99AA-38321B882372}.Debug|Any CPU.ActiveCfg = Debug|Any CPU
		{530D3EF2-CC1A-478D-99AA-38321B882372}.Debug|Any CPU.Build.0 = Debug|Any CPU
		{530D3EF2-CC1A-478D-99AA-38321B882372}.Release|Any CPU.ActiveCfg = Release|Any CPU
		{530D3EF2-CC1A-478D-99AA-38321B882372}.Release|Any CPU.Build.0 = Release|Any CPU
	EndGlobalSection
	GlobalSection(SolutionProperties) = preSolution
		HideSolutionNode = FALSE
	EndGlobalSection
	GlobalSection(ExtensibilityGlobals) = postSolution
		SolutionGuid = {EFA7DC1B-4AD1-425E-80A1-4D47D4A2FADA}
	EndGlobalSection
EndGlobal
